
Microsoft Visual Studio Solution File, Format Version 12.00
# Visual Studio Version 17
VisualStudioVersion = 17.4.33205.214
MinimumVisualStudioVersion = 10.0.40219.1
Project("{FAE04EC0-301F-11D3-BF4B-00C04F79EFBC}") = "Awake", "Awake\Awake.csproj", "{05603FC3-766A-4000-A72A-67442862C791}"
EndProject
Global
	GlobalSection(SolutionConfigurationPlatforms) = preSolution
		Debug|Any CPU = Debug|Any CPU
		Release|Any CPU = Release|Any CPU
	EndGlobalSection
	GlobalSection(ProjectConfigurationPlatforms) = postSolution
		{05603FC3-766A-4000-A72A-67442862C791}.Debug|Any CPU.ActiveCfg = Debug|Any CPU
		{05603FC3-766A-4000-A72A-67442862C791}.Debug|Any CPU.Build.0 = Debug|Any CPU
		{05603FC3-766A-4000-A72A-67442862C791}.Release|Any CPU.ActiveCfg = Release|Any CPU
		{05603FC3-766A-4000-A72A-67442862C791}.Release|Any CPU.Build.0 = Release|Any CPU
	EndGlobalSection
	GlobalSection(SolutionProperties) = preSolution
		HideSolutionNode = FALSE
	EndGlobalSection
	GlobalSection(ExtensibilityGlobals) = postSolution
		SolutionGuid = {81272E80-9F16-4844-BC91-B78668C3B3F6}
	EndGlobalSection
EndGlobal
